// !$*UTF8*$!
{
	archiveVersion = 1;
	classes = {
	};
	objectVersion = 48;
	objects = {

/* Begin PBXBuildFile section */
		17099A43209B7B4D00701D51 /* AppDelegate.swift in Sources */ = {isa = PBXBuildFile; fileRef = 17099A42209B7B4D00701D51 /* AppDelegate.swift */; };
		17099A45209B7B4D00701D51 /* ViewController.swift in Sources */ = {isa = PBXBuildFile; fileRef = 17099A44209B7B4D00701D51 /* ViewController.swift */; };
		17099A48209B7B4D00701D51 /* Main.storyboard in Resources */ = {isa = PBXBuildFile; fileRef = 17099A46209B7B4D00701D51 /* Main.storyboard */; };
		17099A4A209B7B4D00701D51 /* Assets.xcassets in Resources */ = {isa = PBXBuildFile; fileRef = 17099A49209B7B4D00701D51 /* Assets.xcassets */; };
		17099A4D209B7B4D00701D51 /* LaunchScreen.storyboard in Resources */ = {isa = PBXBuildFile; fileRef = 17099A4B209B7B4D00701D51 /* LaunchScreen.storyboard */; };
		17099A58209B7B4E00701D51 /* CanvasTests.swift in Sources */ = {isa = PBXBuildFile; fileRef = 17099A57209B7B4E00701D51 /* CanvasTests.swift */; };
		17099A63209B7B4E00701D51 /* CanvasUITests.swift in Sources */ = {isa = PBXBuildFile; fileRef = 17099A62209B7B4E00701D51 /* CanvasUITests.swift */; };
		1773835F209B7CF600376FB3 /* CanvasViewController.swift in Sources */ = {isa = PBXBuildFile; fileRef = 1773835E209B7CF600376FB3 /* CanvasViewController.swift */; };
		452846A569E2AB0E4D0E365C /* Pods_CanvasTests.framework in Frameworks */ = {isa = PBXBuildFile; fileRef = 0AD056969C1AF57312B85959 /* Pods_CanvasTests.framework */; };
		64C5A0F565C0C30B3D0A69DA /* Pods_CanvasUITests.framework in Frameworks */ = {isa = PBXBuildFile; fileRef = 5A984DE86A0A5B50E9461A0F /* Pods_CanvasUITests.framework */; };
		C3BA1CB3B041D3D5B4059449 /* Pods_Canvas.framework in Frameworks */ = {isa = PBXBuildFile; fileRef = ECC9896EE59E95086B2DDD04 /* Pods_Canvas.framework */; };
/* End PBXBuildFile section */

/* Begin PBXContainerItemProxy section */
		17099A54209B7B4E00701D51 /* PBXContainerItemProxy */ = {
			isa = PBXContainerItemProxy;
			containerPortal = 17099A37209B7B4D00701D51 /* Project object */;
			proxyType = 1;
			remoteGlobalIDString = 17099A3E209B7B4D00701D51;
			remoteInfo = Canvas;
		};
		17099A5F209B7B4E00701D51 /* PBXContainerItemProxy */ = {
			isa = PBXContainerItemProxy;
			containerPortal = 17099A37209B7B4D00701D51 /* Project object */;
			proxyType = 1;
			remoteGlobalIDString = 17099A3E209B7B4D00701D51;
			remoteInfo = Canvas;
		};
/* End PBXContainerItemProxy section */

/* Begin PBXFileReference section */
		0AD056969C1AF57312B85959 /* Pods_CanvasTests.framework */ = {isa = PBXFileReference; explicitFileType = wrapper.framework; includeInIndex = 0; path = Pods_CanvasTests.framework; sourceTree = BUILT_PRODUCTS_DIR; };
		17099A3F209B7B4D00701D51 /* Canvas.app */ = {isa = PBXFileReference; explicitFileType = wrapper.application; includeInIndex = 0; path = Canvas.app; sourceTree = BUILT_PRODUCTS_DIR; };
		17099A42209B7B4D00701D51 /* AppDelegate.swift */ = {isa = PBXFileReference; lastKnownFileType = sourcecode.swift; path = AppDelegate.swift; sourceTree = "<group>"; };
		17099A44209B7B4D00701D51 /* ViewController.swift */ = {isa = PBXFileReference; lastKnownFileType = sourcecode.swift; path = ViewController.swift; sourceTree = "<group>"; };
		17099A47209B7B4D00701D51 /* Base */ = {isa = PBXFileReference; lastKnownFileType = file.storyboard; name = Base; path = Base.lproj/Main.storyboard; sourceTree = "<group>"; };
		17099A49209B7B4D00701D51 /* Assets.xcassets */ = {isa = PBXFileReference; lastKnownFileType = folder.assetcatalog; path = Assets.xcassets; sourceTree = "<group>"; };
		17099A4C209B7B4D00701D51 /* Base */ = {isa = PBXFileReference; lastKnownFileType = file.storyboard; name = Base; path = Base.lproj/LaunchScreen.storyboard; sourceTree = "<group>"; };
		17099A4E209B7B4D00701D51 /* Info.plist */ = {isa = PBXFileReference; lastKnownFileType = text.plist.xml; path = Info.plist; sourceTree = "<group>"; };
		17099A53209B7B4E00701D51 /* CanvasTests.xctest */ = {isa = PBXFileReference; explicitFileType = wrapper.cfbundle; includeInIndex = 0; path = CanvasTests.xctest; sourceTree = BUILT_PRODUCTS_DIR; };
		17099A57209B7B4E00701D51 /* CanvasTests.swift */ = {isa = PBXFileReference; lastKnownFileType = sourcecode.swift; path = CanvasTests.swift; sourceTree = "<group>"; };
		17099A59209B7B4E00701D51 /* Info.plist */ = {isa = PBXFileReference; lastKnownFileType = text.plist.xml; path = Info.plist; sourceTree = "<group>"; };
		17099A5E209B7B4E00701D51 /* CanvasUITests.xctest */ = {isa = PBXFileReference; explicitFileType = wrapper.cfbundle; includeInIndex = 0; path = CanvasUITests.xctest; sourceTree = BUILT_PRODUCTS_DIR; };
		17099A62209B7B4E00701D51 /* CanvasUITests.swift */ = {isa = PBXFileReference; lastKnownFileType = sourcecode.swift; path = CanvasUITests.swift; sourceTree = "<group>"; };
		17099A64209B7B4E00701D51 /* Info.plist */ = {isa = PBXFileReference; lastKnownFileType = text.plist.xml; path = Info.plist; sourceTree = "<group>"; };
		1773835C209B7BEC00376FB3 /* README.md */ = {isa = PBXFileReference; lastKnownFileType = net.daringfireball.markdown; path = README.md; sourceTree = "<group>"; };
		1773835E209B7CF600376FB3 /* CanvasViewController.swift */ = {isa = PBXFileReference; lastKnownFileType = sourcecode.swift; path = CanvasViewController.swift; sourceTree = "<group>"; };
		36EBE1C09FADC3E04A69F41C /* Pods-CanvasTests.debug.xcconfig */ = {isa = PBXFileReference; includeInIndex = 1; lastKnownFileType = text.xcconfig; name = "Pods-CanvasTests.debug.xcconfig"; path = "Pods/Target Support Files/Pods-CanvasTests/Pods-CanvasTests.debug.xcconfig"; sourceTree = "<group>"; };
		5A984DE86A0A5B50E9461A0F /* Pods_CanvasUITests.framework */ = {isa = PBXFileReference; explicitFileType = wrapper.framework; includeInIndex = 0; path = Pods_CanvasUITests.framework; sourceTree = BUILT_PRODUCTS_DIR; };
		6AF762E589B6BC3FF1C09FED /* Pods-Canvas.debug.xcconfig */ = {isa = PBXFileReference; includeInIndex = 1; lastKnownFileType = text.xcconfig; name = "Pods-Canvas.debug.xcconfig"; path = "Pods/Target Support Files/Pods-Canvas/Pods-Canvas.debug.xcconfig"; sourceTree = "<group>"; };
		72353B8D21DBCD65D336BF12 /* Pods-CanvasUITests.release.xcconfig */ = {isa = PBXFileReference; includeInIndex = 1; lastKnownFileType = text.xcconfig; name = "Pods-CanvasUITests.release.xcconfig"; path = "Pods/Target Support Files/Pods-CanvasUITests/Pods-CanvasUITests.release.xcconfig"; sourceTree = "<group>"; };
		7DB2644A975CD8A12BD3A417 /* Pods-Canvas.release.xcconfig */ = {isa = PBXFileReference; includeInIndex = 1; lastKnownFileType = text.xcconfig; name = "Pods-Canvas.release.xcconfig"; path = "Pods/Target Support Files/Pods-Canvas/Pods-Canvas.release.xcconfig"; sourceTree = "<group>"; };
		86989A7F6E7FF2CA4ACB8DE6 /* Pods-CanvasUITests.debug.xcconfig */ = {isa = PBXFileReference; includeInIndex = 1; lastKnownFileType = text.xcconfig; name = "Pods-CanvasUITests.debug.xcconfig"; path = "Pods/Target Support Files/Pods-CanvasUITests/Pods-CanvasUITests.debug.xcconfig"; sourceTree = "<group>"; };
		ECC9896EE59E95086B2DDD04 /* Pods_Canvas.framework */ = {isa = PBXFileReference; explicitFileType = wrapper.framework; includeInIndex = 0; path = Pods_Canvas.framework; sourceTree = BUILT_PRODUCTS_DIR; };
		F6CF6D2A3915EAC95A1999D8 /* Pods-CanvasTests.release.xcconfig */ = {isa = PBXFileReference; includeInIndex = 1; lastKnownFileType = text.xcconfig; name = "Pods-CanvasTests.release.xcconfig"; path = "Pods/Target Support Files/Pods-CanvasTests/Pods-CanvasTests.release.xcconfig"; sourceTree = "<group>"; };
/* End PBXFileReference section */

/* Begin PBXFrameworksBuildPhase section */
		17099A3C209B7B4D00701D51 /* Frameworks */ = {
			isa = PBXFrameworksBuildPhase;
			buildActionMask = 2147483647;
			files = (
				C3BA1CB3B041D3D5B4059449 /* Pods_Canvas.framework in Frameworks */,
			);
			runOnlyForDeploymentPostprocessing = 0;
		};
		17099A50209B7B4E00701D51 /* Frameworks */ = {
			isa = PBXFrameworksBuildPhase;
			buildActionMask = 2147483647;
			files = (
				452846A569E2AB0E4D0E365C /* Pods_CanvasTests.framework in Frameworks */,
			);
			runOnlyForDeploymentPostprocessing = 0;
		};
		17099A5B209B7B4E00701D51 /* Frameworks */ = {
			isa = PBXFrameworksBuildPhase;
			buildActionMask = 2147483647;
			files = (
				64C5A0F565C0C30B3D0A69DA /* Pods_CanvasUITests.framework in Frameworks */,
			);
			runOnlyForDeploymentPostprocessing = 0;
		};
/* End PBXFrameworksBuildPhase section */

/* Begin PBXGroup section */
		17099A36209B7B4D00701D51 = {
			isa = PBXGroup;
			children = (
				1773835C209B7BEC00376FB3 /* README.md */,
				17099A41209B7B4D00701D51 /* Canvas */,
				17099A56209B7B4E00701D51 /* CanvasTests */,
				17099A61209B7B4E00701D51 /* CanvasUITests */,
				17099A40209B7B4D00701D51 /* Products */,
				56D4DDAD37045496735578E1 /* Pods */,
				8C198D8C6CE3FC8097FB6852 /* Frameworks */,
			);
			sourceTree = "<group>";
		};
		17099A40209B7B4D00701D51 /* Products */ = {
			isa = PBXGroup;
			children = (
				17099A3F209B7B4D00701D51 /* Canvas.app */,
				17099A53209B7B4E00701D51 /* CanvasTests.xctest */,
				17099A5E209B7B4E00701D51 /* CanvasUITests.xctest */,
			);
			name = Products;
			sourceTree = "<group>";
		};
		17099A41209B7B4D00701D51 /* Canvas */ = {
			isa = PBXGroup;
			children = (
				1773835D209B7CD600376FB3 /* View Controllers */,
				17099A42209B7B4D00701D51 /* AppDelegate.swift */,
				17099A44209B7B4D00701D51 /* ViewController.swift */,
				17099A46209B7B4D00701D51 /* Main.storyboard */,
				17099A49209B7B4D00701D51 /* Assets.xcassets */,
				17099A4B209B7B4D00701D51 /* LaunchScreen.storyboard */,
				17099A4E209B7B4D00701D51 /* Info.plist */,
			);
			path = Canvas;
			sourceTree = "<group>";
		};
		17099A56209B7B4E00701D51 /* CanvasTests */ = {
			isa = PBXGroup;
			children = (
				17099A57209B7B4E00701D51 /* CanvasTests.swift */,
				17099A59209B7B4E00701D51 /* Info.plist */,
			);
			path = CanvasTests;
			sourceTree = "<group>";
		};
		17099A61209B7B4E00701D51 /* CanvasUITests */ = {
			isa = PBXGroup;
			children = (
				17099A62209B7B4E00701D51 /* CanvasUITests.swift */,
				17099A64209B7B4E00701D51 /* Info.plist */,
			);
			path = CanvasUITests;
			sourceTree = "<group>";
		};
		1773835D209B7CD600376FB3 /* View Controllers */ = {
			isa = PBXGroup;
			children = (
				1773835E209B7CF600376FB3 /* CanvasViewController.swift */,
			);
			path = "View Controllers";
			sourceTree = "<group>";
		};
		56D4DDAD37045496735578E1 /* Pods */ = {
			isa = PBXGroup;
			children = (
				6AF762E589B6BC3FF1C09FED /* Pods-Canvas.debug.xcconfig */,
				7DB2644A975CD8A12BD3A417 /* Pods-Canvas.release.xcconfig */,
				36EBE1C09FADC3E04A69F41C /* Pods-CanvasTests.debug.xcconfig */,
				F6CF6D2A3915EAC95A1999D8 /* Pods-CanvasTests.release.xcconfig */,
				86989A7F6E7FF2CA4ACB8DE6 /* Pods-CanvasUITests.debug.xcconfig */,
				72353B8D21DBCD65D336BF12 /* Pods-CanvasUITests.release.xcconfig */,
			);
			name = Pods;
			sourceTree = "<group>";
		};
		8C198D8C6CE3FC8097FB6852 /* Frameworks */ = {
			isa = PBXGroup;
			children = (
				ECC9896EE59E95086B2DDD04 /* Pods_Canvas.framework */,
				0AD056969C1AF57312B85959 /* Pods_CanvasTests.framework */,
				5A984DE86A0A5B50E9461A0F /* Pods_CanvasUITests.framework */,
			);
			name = Frameworks;
			sourceTree = "<group>";
		};
/* End PBXGroup section */

/* Begin PBXNativeTarget section */
		17099A3E209B7B4D00701D51 /* Canvas */ = {
			isa = PBXNativeTarget;
			buildConfigurationList = 17099A67209B7B4E00701D51 /* Build configuration list for PBXNativeTarget "Canvas" */;
			buildPhases = (
				96959D778E9DFF9F77A09496 /* [CP] Check Pods Manifest.lock */,
				17099A3B209B7B4D00701D51 /* Sources */,
				17099A3C209B7B4D00701D51 /* Frameworks */,
				17099A3D209B7B4D00701D51 /* Resources */,
				7C6AE484C2AC5C1232263BBA /* [CP] Embed Pods Frameworks */,
				FB66054FC20EEE2139A157F4 /* [CP] Copy Pods Resources */,
			);
			buildRules = (
			);
			dependencies = (
			);
			name = Canvas;
			productName = Canvas;
			productReference = 17099A3F209B7B4D00701D51 /* Canvas.app */;
			productType = "com.apple.product-type.application";
		};
		17099A52209B7B4E00701D51 /* CanvasTests */ = {
			isa = PBXNativeTarget;
			buildConfigurationList = 17099A6A209B7B4E00701D51 /* Build configuration list for PBXNativeTarget "CanvasTests" */;
			buildPhases = (
				812FE73EBECD0B922BFC0684 /* [CP] Check Pods Manifest.lock */,
				17099A4F209B7B4E00701D51 /* Sources */,
				17099A50209B7B4E00701D51 /* Frameworks */,
				17099A51209B7B4E00701D51 /* Resources */,
				3D353CE7511441621A85FD5D /* [CP] Embed Pods Frameworks */,
				D2B5C06BBB44D39C013C0105 /* [CP] Copy Pods Resources */,
			);
			buildRules = (
			);
			dependencies = (
				17099A55209B7B4E00701D51 /* PBXTargetDependency */,
			);
			name = CanvasTests;
			productName = CanvasTests;
			productReference = 17099A53209B7B4E00701D51 /* CanvasTests.xctest */;
			productType = "com.apple.product-type.bundle.unit-test";
		};
		17099A5D209B7B4E00701D51 /* CanvasUITests */ = {
			isa = PBXNativeTarget;
			buildConfigurationList = 17099A6D209B7B4E00701D51 /* Build configuration list for PBXNativeTarget "CanvasUITests" */;
			buildPhases = (
				10F43F17E3D591A624E9B9BD /* [CP] Check Pods Manifest.lock */,
				17099A5A209B7B4E00701D51 /* Sources */,
				17099A5B209B7B4E00701D51 /* Frameworks */,
				17099A5C209B7B4E00701D51 /* Resources */,
				82A6E5A6504666CE3CD5F79B /* [CP] Embed Pods Frameworks */,
				B78CE221AEA79D32D721F7CA /* [CP] Copy Pods Resources */,
			);
			buildRules = (
			);
			dependencies = (
				17099A60209B7B4E00701D51 /* PBXTargetDependency */,
			);
			name = CanvasUITests;
			productName = CanvasUITests;
			productReference = 17099A5E209B7B4E00701D51 /* CanvasUITests.xctest */;
			productType = "com.apple.product-type.bundle.ui-testing";
		};
/* End PBXNativeTarget section */

/* Begin PBXProject section */
		17099A37209B7B4D00701D51 /* Project object */ = {
			isa = PBXProject;
			attributes = {
				LastSwiftUpdateCheck = 0920;
				LastUpgradeCheck = 0920;
				ORGANIZATIONNAME = user132893;
				TargetAttributes = {
					17099A3E209B7B4D00701D51 = {
						CreatedOnToolsVersion = 9.2;
						ProvisioningStyle = Automatic;
					};
					17099A52209B7B4E00701D51 = {
						CreatedOnToolsVersion = 9.2;
						ProvisioningStyle = Automatic;
						TestTargetID = 17099A3E209B7B4D00701D51;
					};
					17099A5D209B7B4E00701D51 = {
						CreatedOnToolsVersion = 9.2;
						ProvisioningStyle = Automatic;
						TestTargetID = 17099A3E209B7B4D00701D51;
					};
				};
			};
			buildConfigurationList = 17099A3A209B7B4D00701D51 /* Build configuration list for PBXProject "Canvas" */;
			compatibilityVersion = "Xcode 8.0";
			developmentRegion = en;
			hasScannedForEncodings = 0;
			knownRegions = (
				en,
				Base,
			);
			mainGroup = 17099A36209B7B4D00701D51;
			productRefGroup = 17099A40209B7B4D00701D51 /* Products */;
			projectDirPath = "";
			projectRoot = "";
			targets = (
				17099A3E209B7B4D00701D51 /* Canvas */,
				17099A52209B7B4E00701D51 /* CanvasTests */,
				17099A5D209B7B4E00701D51 /* CanvasUITests */,
			);
		};
/* End PBXProject section */

/* Begin PBXResourcesBuildPhase section */
		17099A3D209B7B4D00701D51 /* Resources */ = {
			isa = PBXResourcesBuildPhase;
			buildActionMask = 2147483647;
			files = (
				17099A4D209B7B4D00701D51 /* LaunchScreen.storyboard in Resources */,
				17099A4A209B7B4D00701D51 /* Assets.xcassets in Resources */,
				17099A48209B7B4D00701D51 /* Main.storyboard in Resources */,
			);
			runOnlyForDeploymentPostprocessing = 0;
		};
		17099A51209B7B4E00701D51 /* Resources */ = {
			isa = PBXResourcesBuildPhase;
			buildActionMask = 2147483647;
			files = (
			);
			runOnlyForDeploymentPostprocessing = 0;
		};
		17099A5C209B7B4E00701D51 /* Resources */ = {
			isa = PBXResourcesBuildPhase;
			buildActionMask = 2147483647;
			files = (
			);
			runOnlyForDeploymentPostprocessing = 0;
		};
/* End PBXResourcesBuildPhase section */

/* Begin PBXShellScriptBuildPhase section */
		10F43F17E3D591A624E9B9BD /* [CP] Check Pods Manifest.lock */ = {
			isa = PBXShellScriptBuildPhase;
			buildActionMask = 2147483647;
			files = (
			);
			inputPaths = (
				"${PODS_PODFILE_DIR_PATH}/Podfile.lock",
				"${PODS_ROOT}/Manifest.lock",
			);
			name = "[CP] Check Pods Manifest.lock";
			outputPaths = (
				"$(DERIVED_FILE_DIR)/Pods-CanvasUITests-checkManifestLockResult.txt",
			);
			runOnlyForDeploymentPostprocessing = 0;
			shellPath = /bin/sh;
			shellScript = "diff \"${PODS_PODFILE_DIR_PATH}/Podfile.lock\" \"${PODS_ROOT}/Manifest.lock\" > /dev/null\nif [ $? != 0 ] ; then\n    # print error to STDERR\n    echo \"error: The sandbox is not in sync with the Podfile.lock. Run 'pod install' or update your CocoaPods installation.\" >&2\n    exit 1\nfi\n# This output is used by Xcode 'outputs' to avoid re-running this script phase.\necho \"SUCCESS\" > \"${SCRIPT_OUTPUT_FILE_0}\"\n";
			showEnvVarsInLog = 0;
		};
		3D353CE7511441621A85FD5D /* [CP] Embed Pods Frameworks */ = {
			isa = PBXShellScriptBuildPhase;
			buildActionMask = 2147483647;
			files = (
			);
			inputPaths = (
			);
			name = "[CP] Embed Pods Frameworks";
			outputPaths = (
			);
			runOnlyForDeploymentPostprocessing = 0;
			shellPath = /bin/sh;
			shellScript = "\"${SRCROOT}/Pods/Target Support Files/Pods-CanvasTests/Pods-CanvasTests-frameworks.sh\"\n";
			showEnvVarsInLog = 0;
		};
		7C6AE484C2AC5C1232263BBA /* [CP] Embed Pods Frameworks */ = {
			isa = PBXShellScriptBuildPhase;
			buildActionMask = 2147483647;
			files = (
			);
			inputPaths = (
			);
			name = "[CP] Embed Pods Frameworks";
			outputPaths = (
			);
			runOnlyForDeploymentPostprocessing = 0;
			shellPath = /bin/sh;
			shellScript = "\"${SRCROOT}/Pods/Target Support Files/Pods-Canvas/Pods-Canvas-frameworks.sh\"\n";
			showEnvVarsInLog = 0;
		};
		812FE73EBECD0B922BFC0684 /* [CP] Check Pods Manifest.lock */ = {
			isa = PBXShellScriptBuildPhase;
			buildActionMask = 2147483647;
			files = (
			);
			inputPaths = (
				"${PODS_PODFILE_DIR_PATH}/Podfile.lock",
				"${PODS_ROOT}/Manifest.lock",
			);
			name = "[CP] Check Pods Manifest.lock";
			outputPaths = (
				"$(DERIVED_FILE_DIR)/Pods-CanvasTests-checkManifestLockResult.txt",
			);
			runOnlyForDeploymentPostprocessing = 0;
			shellPath = /bin/sh;
			shellScript = "diff \"${PODS_PODFILE_DIR_PATH}/Podfile.lock\" \"${PODS_ROOT}/Manifest.lock\" > /dev/null\nif [ $? != 0 ] ; then\n    # print error to STDERR\n    echo \"error: The sandbox is not in sync with the Podfile.lock. Run 'pod install' or update your CocoaPods installation.\" >&2\n    exit 1\nfi\n# This output is used by Xcode 'outputs' to avoid re-running this script phase.\necho \"SUCCESS\" > \"${SCRIPT_OUTPUT_FILE_0}\"\n";
			showEnvVarsInLog = 0;
		};
		82A6E5A6504666CE3CD5F79B /* [CP] Embed Pods Frameworks */ = {
			isa = PBXShellScriptBuildPhase;
			buildActionMask = 2147483647;
			files = (
			);
			inputPaths = (
			);
			name = "[CP] Embed Pods Frameworks";
			outputPaths = (
			);
			runOnlyForDeploymentPostprocessing = 0;
			shellPath = /bin/sh;
			shellScript = "\"${SRCROOT}/Pods/Target Support Files/Pods-CanvasUITests/Pods-CanvasUITests-frameworks.sh\"\n";
			showEnvVarsInLog = 0;
		};
		96959D778E9DFF9F77A09496 /* [CP] Check Pods Manifest.lock */ = {
			isa = PBXShellScriptBuildPhase;
			buildActionMask = 2147483647;
			files = (
			);
			inputPaths = (
				"${PODS_PODFILE_DIR_PATH}/Podfile.lock",
				"${PODS_ROOT}/Manifest.lock",
			);
			name = "[CP] Check Pods Manifest.lock";
			outputPaths = (
				"$(DERIVED_FILE_DIR)/Pods-Canvas-checkManifestLockResult.txt",
			);
			runOnlyForDeploymentPostprocessing = 0;
			shellPath = /bin/sh;
			shellScript = "diff \"${PODS_PODFILE_DIR_PATH}/Podfile.lock\" \"${PODS_ROOT}/Manifest.lock\" > /dev/null\nif [ $? != 0 ] ; then\n    # print error to STDERR\n    echo \"error: The sandbox is not in sync with the Podfile.lock. Run 'pod install' or update your CocoaPods installation.\" >&2\n    exit 1\nfi\n# This output is used by Xcode 'outputs' to avoid re-running this script phase.\necho \"SUCCESS\" > \"${SCRIPT_OUTPUT_FILE_0}\"\n";
			showEnvVarsInLog = 0;
		};
		B78CE221AEA79D32D721F7CA /* [CP] Copy Pods Resources */ = {
			isa = PBXShellScriptBuildPhase;
			buildActionMask = 2147483647;
			files = (
			);
			inputPaths = (
			);
			name = "[CP] Copy Pods Resources";
			outputPaths = (
			);
			runOnlyForDeploymentPostprocessing = 0;
			shellPath = /bin/sh;
			shellScript = "\"${SRCROOT}/Pods/Target Support Files/Pods-CanvasUITests/Pods-CanvasUITests-resources.sh\"\n";
			showEnvVarsInLog = 0;
		};
		D2B5C06BBB44D39C013C0105 /* [CP] Copy Pods Resources */ = {
			isa = PBXShellScriptBuildPhase;
			buildActionMask = 2147483647;
			files = (
			);
			inputPaths = (
			);
			name = "[CP] Copy Pods Resources";
			outputPaths = (
			);
			runOnlyForDeploymentPostprocessing = 0;
			shellPath = /bin/sh;
			shellScript = "\"${SRCROOT}/Pods/Target Support Files/Pods-CanvasTests/Pods-CanvasTests-resources.sh\"\n";
			showEnvVarsInLog = 0;
		};
		FB66054FC20EEE2139A157F4 /* [CP] Copy Pods Resources */ = {
			isa = PBXShellScriptBuildPhase;
			buildActionMask = 2147483647;
			files = (
			);
			inputPaths = (
			);
			name = "[CP] Copy Pods Resources";
			outputPaths = (
			);
			runOnlyForDeploymentPostprocessing = 0;
			shellPath = /bin/sh;
			shellScript = "\"${SRCROOT}/Pods/Target Support Files/Pods-Canvas/Pods-Canvas-resources.sh\"\n";
			showEnvVarsInLog = 0;
		};
/* End PBXShellScriptBuildPhase section */

/* Begin PBXSourcesBuildPhase section */
		17099A3B209B7B4D00701D51 /* Sources */ = {
			isa = PBXSourcesBuildPhase;
			buildActionMask = 2147483647;
			files = (
				17099A45209B7B4D00701D51 /* ViewController.swift in Sources */,
				1773835F209B7CF600376FB3 /* CanvasViewController.swift in Sources */,
				17099A43209B7B4D00701D51 /* AppDelegate.swift in Sources */,
			);
			runOnlyForDeploymentPostprocessing = 0;
		};
		17099A4F209B7B4E00701D51 /* Sources */ = {
			isa = PBXSourcesBuildPhase;
			buildActionMask = 2147483647;
			files = (
				17099A58209B7B4E00701D51 /* CanvasTests.swift in Sources */,
			);
			runOnlyForDeploymentPostprocessing = 0;
		};
		17099A5A209B7B4E00701D51 /* Sources */ = {
			isa = PBXSourcesBuildPhase;
			buildActionMask = 2147483647;
			files = (
				17099A63209B7B4E00701D51 /* CanvasUITests.swift in Sources */,
			);
			runOnlyForDeploymentPostprocessing = 0;
		};
/* End PBXSourcesBuildPhase section */

/* Begin PBXTargetDependency section */
		17099A55209B7B4E00701D51 /* PBXTargetDependency */ = {
			isa = PBXTargetDependency;
			target = 17099A3E209B7B4D00701D51 /* Canvas */;
			targetProxy = 17099A54209B7B4E00701D51 /* PBXContainerItemProxy */;
		};
		17099A60209B7B4E00701D51 /* PBXTargetDependency */ = {
			isa = PBXTargetDependency;
			target = 17099A3E209B7B4D00701D51 /* Canvas */;
			targetProxy = 17099A5F209B7B4E00701D51 /* PBXContainerItemProxy */;
		};
/* End PBXTargetDependency section */

/* Begin PBXVariantGroup section */
		17099A46209B7B4D00701D51 /* Main.storyboard */ = {
			isa = PBXVariantGroup;
			children = (
				17099A47209B7B4D00701D51 /* Base */,
			);
			name = Main.storyboard;
			sourceTree = "<group>";
		};
		17099A4B209B7B4D00701D51 /* LaunchScreen.storyboard */ = {
			isa = PBXVariantGroup;
			children = (
				17099A4C209B7B4D00701D51 /* Base */,
			);
			name = LaunchScreen.storyboard;
			sourceTree = "<group>";
		};
/* End PBXVariantGroup section */

/* Begin XCBuildConfiguration section */
		17099A65209B7B4E00701D51 /* Debug */ = {
			isa = XCBuildConfiguration;
			buildSettings = {
				ALWAYS_SEARCH_USER_PATHS = NO;
				CLANG_ANALYZER_NONNULL = YES;
				CLANG_ANALYZER_NUMBER_OBJECT_CONVERSION = YES_AGGRESSIVE;
				CLANG_CXX_LANGUAGE_STANDARD = "gnu++14";
				CLANG_CXX_LIBRARY = "libc++";
				CLANG_ENABLE_MODULES = YES;
				CLANG_ENABLE_OBJC_ARC = YES;
				CLANG_WARN_BLOCK_CAPTURE_AUTORELEASING = YES;
				CLANG_WARN_BOOL_CONVERSION = YES;
				CLANG_WARN_COMMA = YES;
				CLANG_WARN_CONSTANT_CONVERSION = YES;
				CLANG_WARN_DIRECT_OBJC_ISA_USAGE = YES_ERROR;
				CLANG_WARN_DOCUMENTATION_COMMENTS = YES;
				CLANG_WARN_EMPTY_BODY = YES;
				CLANG_WARN_ENUM_CONVERSION = YES;
				CLANG_WARN_INFINITE_RECURSION = YES;
				CLANG_WARN_INT_CONVERSION = YES;
				CLANG_WARN_NON_LITERAL_NULL_CONVERSION = YES;
				CLANG_WARN_OBJC_LITERAL_CONVERSION = YES;
				CLANG_WARN_OBJC_ROOT_CLASS = YES_ERROR;
				CLANG_WARN_RANGE_LOOP_ANALYSIS = YES;
				CLANG_WARN_STRICT_PROTOTYPES = YES;
				CLANG_WARN_SUSPICIOUS_MOVE = YES;
				CLANG_WARN_UNGUARDED_AVAILABILITY = YES_AGGRESSIVE;
				CLANG_WARN_UNREACHABLE_CODE = YES;
				CLANG_WARN__DUPLICATE_METHOD_MATCH = YES;
				CODE_SIGN_IDENTITY = "iPhone Developer";
				COPY_PHASE_STRIP = NO;
				DEBUG_INFORMATION_FORMAT = dwarf;
				ENABLE_STRICT_OBJC_MSGSEND = YES;
				ENABLE_TESTABILITY = YES;
				GCC_C_LANGUAGE_STANDARD = gnu11;
				GCC_DYNAMIC_NO_PIC = NO;
				GCC_NO_COMMON_BLOCKS = YES;
				GCC_OPTIMIZATION_LEVEL = 0;
				GCC_PREPROCESSOR_DEFINITIONS = (
					"DEBUG=1",
					"$(inherited)",
				);
				GCC_WARN_64_TO_32_BIT_CONVERSION = YES;
				GCC_WARN_ABOUT_RETURN_TYPE = YES_ERROR;
				GCC_WARN_UNDECLARED_SELECTOR = YES;
				GCC_WARN_UNINITIALIZED_AUTOS = YES_AGGRESSIVE;
				GCC_WARN_UNUSED_FUNCTION = YES;
				GCC_WARN_UNUSED_VARIABLE = YES;
				IPHONEOS_DEPLOYMENT_TARGET = 11.2;
				MTL_ENABLE_DEBUG_INFO = YES;
				ONLY_ACTIVE_ARCH = YES;
				SDKROOT = iphoneos;
				SWIFT_ACTIVE_COMPILATION_CONDITIONS = DEBUG;
				SWIFT_OPTIMIZATION_LEVEL = "-Onone";
			};
			name = Debug;
		};
		17099A66209B7B4E00701D51 /* Release */ = {
			isa = XCBuildConfiguration;
			buildSettings = {
				ALWAYS_SEARCH_USER_PATHS = NO;
				CLANG_ANALYZER_NONNULL = YES;
				CLANG_ANALYZER_NUMBER_OBJECT_CONVERSION = YES_AGGRESSIVE;
				CLANG_CXX_LANGUAGE_STANDARD = "gnu++14";
				CLANG_CXX_LIBRARY = "libc++";
				CLANG_ENABLE_MODULES = YES;
				CLANG_ENABLE_OBJC_ARC = YES;
				CLANG_WARN_BLOCK_CAPTURE_AUTORELEASING = YES;
				CLANG_WARN_BOOL_CONVERSION = YES;
				CLANG_WARN_COMMA = YES;
				CLANG_WARN_CONSTANT_CONVERSION = YES;
				CLANG_WARN_DIRECT_OBJC_ISA_USAGE = YES_ERROR;
				CLANG_WARN_DOCUMENTATION_COMMENTS = YES;
				CLANG_WARN_EMPTY_BODY = YES;
				CLANG_WARN_ENUM_CONVERSION = YES;
				CLANG_WARN_INFINITE_RECURSION = YES;
				CLANG_WARN_INT_CONVERSION = YES;
				CLANG_WARN_NON_LITERAL_NULL_CONVERSION = YES;
				CLANG_WARN_OBJC_LITERAL_CONVERSION = YES;
				CLANG_WARN_OBJC_ROOT_CLASS = YES_ERROR;
				CLANG_WARN_RANGE_LOOP_ANALYSIS = YES;
				CLANG_WARN_STRICT_PROTOTYPES = YES;
				CLANG_WARN_SUSPICIOUS_MOVE = YES;
				CLANG_WARN_UNGUARDED_AVAILABILITY = YES_AGGRESSIVE;
				CLANG_WARN_UNREACHABLE_CODE = YES;
				CLANG_WARN__DUPLICATE_METHOD_MATCH = YES;
				CODE_SIGN_IDENTITY = "iPhone Developer";
				COPY_PHASE_STRIP = NO;
				DEBUG_INFORMATION_FORMAT = "dwarf-with-dsym";
				ENABLE_NS_ASSERTIONS = NO;
				ENABLE_STRICT_OBJC_MSGSEND = YES;
				GCC_C_LANGUAGE_STANDARD = gnu11;
				GCC_NO_COMMON_BLOCKS = YES;
				GCC_WARN_64_TO_32_BIT_CONVERSION = YES;
				GCC_WARN_ABOUT_RETURN_TYPE = YES_ERROR;
				GCC_WARN_UNDECLARED_SELECTOR = YES;
				GCC_WARN_UNINITIALIZED_AUTOS = YES_AGGRESSIVE;
				GCC_WARN_UNUSED_FUNCTION = YES;
				GCC_WARN_UNUSED_VARIABLE = YES;
				IPHONEOS_DEPLOYMENT_TARGET = 11.2;
				MTL_ENABLE_DEBUG_INFO = NO;
				SDKROOT = iphoneos;
				SWIFT_OPTIMIZATION_LEVEL = "-Owholemodule";
				VALIDATE_PRODUCT = YES;
			};
			name = Release;
		};
		17099A68209B7B4E00701D51 /* Debug */ = {
			isa = XCBuildConfiguration;
			baseConfigurationReference = 6AF762E589B6BC3FF1C09FED /* Pods-Canvas.debug.xcconfig */;
			buildSettings = {
				ASSETCATALOG_COMPILER_APPICON_NAME = AppIcon;
				CODE_SIGN_STYLE = Automatic;
				INFOPLIST_FILE = Canvas/Info.plist;
				LD_RUNPATH_SEARCH_PATHS = "$(inherited) @executable_path/Frameworks";
				PRODUCT_BUNDLE_IDENTIFIER = cst495.Canvas;
				PRODUCT_NAME = "$(TARGET_NAME)";
				SWIFT_VERSION = 4.0;
				TARGETED_DEVICE_FAMILY = "1,2";
			};
			name = Debug;
		};
		17099A69209B7B4E00701D51 /* Release */ = {
			isa = XCBuildConfiguration;
			baseConfigurationReference = 7DB2644A975CD8A12BD3A417 /* Pods-Canvas.release.xcconfig */;
			buildSettings = {
				ASSETCATALOG_COMPILER_APPICON_NAME = AppIcon;
				CODE_SIGN_STYLE = Automatic;
				INFOPLIST_FILE = Canvas/Info.plist;
				LD_RUNPATH_SEARCH_PATHS = "$(inherited) @executable_path/Frameworks";
				PRODUCT_BUNDLE_IDENTIFIER = cst495.Canvas;
				PRODUCT_NAME = "$(TARGET_NAME)";
				SWIFT_VERSION = 4.0;
				TARGETED_DEVICE_FAMILY = "1,2";
			};
			name = Release;
		};
		17099A6B209B7B4E00701D51 /* Debug */ = {
			isa = XCBuildConfiguration;
			baseConfigurationReference = 36EBE1C09FADC3E04A69F41C /* Pods-CanvasTests.debug.xcconfig */;
			buildSettings = {
				ALWAYS_EMBED_SWIFT_STANDARD_LIBRARIES = YES;
				BUNDLE_LOADER = "$(TEST_HOST)";
				CODE_SIGN_STYLE = Automatic;
				INFOPLIST_FILE = CanvasTests/Info.plist;
				LD_RUNPATH_SEARCH_PATHS = "$(inherited) @executable_path/Frameworks @loader_path/Frameworks";
				PRODUCT_BUNDLE_IDENTIFIER = cst495.CanvasTests;
				PRODUCT_NAME = "$(TARGET_NAME)";
				SWIFT_VERSION = 4.0;
				TARGETED_DEVICE_FAMILY = "1,2";
				TEST_HOST = "$(BUILT_PRODUCTS_DIR)/Canvas.app/Canvas";
			};
			name = Debug;
		};
		17099A6C209B7B4E00701D51 /* Release */ = {
			isa = XCBuildConfiguration;
			baseConfigurationReference = F6CF6D2A3915EAC95A1999D8 /* Pods-CanvasTests.release.xcconfig */;
			buildSettings = {
				ALWAYS_EMBED_SWIFT_STANDARD_LIBRARIES = YES;
				BUNDLE_LOADER = "$(TEST_HOST)";
				CODE_SIGN_STYLE = Automatic;
				INFOPLIST_FILE = CanvasTests/Info.plist;
				LD_RUNPATH_SEARCH_PATHS = "$(inherited) @executable_path/Frameworks @loader_path/Frameworks";
				PRODUCT_BUNDLE_IDENTIFIER = cst495.CanvasTests;
				PRODUCT_NAME = "$(TARGET_NAME)";
				SWIFT_VERSION = 4.0;
				TARGETED_DEVICE_FAMILY = "1,2";
				TEST_HOST = "$(BUILT_PRODUCTS_DIR)/Canvas.app/Canvas";
			};
			name = Release;
		};
		17099A6E209B7B4E00701D51 /* Debug */ = {
			isa = XCBuildConfiguration;
			baseConfigurationReference = 86989A7F6E7FF2CA4ACB8DE6 /* Pods-CanvasUITests.debug.xcconfig */;
			buildSettings = {
				ALWAYS_EMBED_SWIFT_STANDARD_LIBRARIES = YES;
				CODE_SIGN_STYLE = Automatic;
				INFOPLIST_FILE = CanvasUITests/Info.plist;
				LD_RUNPATH_SEARCH_PATHS = "$(inherited) @executable_path/Frameworks @loader_path/Frameworks";
				PRODUCT_BUNDLE_IDENTIFIER = cst495.CanvasUITests;
				PRODUCT_NAME = "$(TARGET_NAME)";
				SWIFT_VERSION = 4.0;
				TARGETED_DEVICE_FAMILY = "1,2";
				TEST_TARGET_NAME = Canvas;
			};
			name = Debug;
		};
		17099A6F209B7B4E00701D51 /* Release */ = {
			isa = XCBuildConfiguration;
			baseConfigurationReference = 72353B8D21DBCD65D336BF12 /* Pods-CanvasUITests.release.xcconfig */;
			buildSettings = {
				ALWAYS_EMBED_SWIFT_STANDARD_LIBRARIES = YES;
				CODE_SIGN_STYLE = Automatic;
				INFOPLIST_FILE = CanvasUITests/Info.plist;
				LD_RUNPATH_SEARCH_PATHS = "$(inherited) @executable_path/Frameworks @loader_path/Frameworks";
				PRODUCT_BUNDLE_IDENTIFIER = cst495.CanvasUITests;
				PRODUCT_NAME = "$(TARGET_NAME)";
				SWIFT_VERSION = 4.0;
				TARGETED_DEVICE_FAMILY = "1,2";
				TEST_TARGET_NAME = Canvas;
			};
			name = Release;
		};
/* End XCBuildConfiguration section */

/* Begin XCConfigurationList section */
		17099A3A209B7B4D00701D51 /* Build configuration list for PBXProject "Canvas" */ = {
			isa = XCConfigurationList;
			buildConfigurations = (
				17099A65209B7B4E00701D51 /* Debug */,
				17099A66209B7B4E00701D51 /* Release */,
			);
			defaultConfigurationIsVisible = 0;
			defaultConfigurationName = Release;
		};
		17099A67209B7B4E00701D51 /* Build configuration list for PBXNativeTarget "Canvas" */ = {
			isa = XCConfigurationList;
			buildConfigurations = (
				17099A68209B7B4E00701D51 /* Debug */,
				17099A69209B7B4E00701D51 /* Release */,
			);
			defaultConfigurationIsVisible = 0;
			defaultConfigurationName = Release;
		};
		17099A6A209B7B4E00701D51 /* Build configuration list for PBXNativeTarget "CanvasTests" */ = {
			isa = XCConfigurationList;
			buildConfigurations = (
				17099A6B209B7B4E00701D51 /* Debug */,
				17099A6C209B7B4E00701D51 /* Release */,
			);
			defaultConfigurationIsVisible = 0;
			defaultConfigurationName = Release;
		};
		17099A6D209B7B4E00701D51 /* Build configuration list for PBXNativeTarget "CanvasUITests" */ = {
			isa = XCConfigurationList;
			buildConfigurations = (
				17099A6E209B7B4E00701D51 /* Debug */,
				17099A6F209B7B4E00701D51 /* Release */,
			);
			defaultConfigurationIsVisible = 0;
			defaultConfigurationName = Release;
		};
/* End XCConfigurationList section */
	};
	rootObject = 17099A37209B7B4D00701D51 /* Project object */;
}
